
Microsoft Visual Studio Solution File, Format Version 12.00
# Visual Studio Version 16
VisualStudioVersion = 16.0.30517.126
MinimumVisualStudioVersion = 10.0.40219.1
Project("{FAE04EC0-301F-11D3-BF4B-00C04F79EFBC}") = "SocialSecurityChecker", "SocialSecurityChecker.csproj", "{8DA221DE-4DC6-4CE7-AF70-B2E41C33766E}"
EndProject
Global
	GlobalSection(SolutionConfigurationPlatforms) = preSolution
		Debug|Any CPU = Debug|Any CPU
		Release|Any CPU = Release|Any CPU
	EndGlobalSection
	GlobalSection(ProjectConfigurationPlatforms) = postSolution
		{8DA221DE-4DC6-4CE7-AF70-B2E41C33766E}.Debug|Any CPU.ActiveCfg = Debug|Any CPU
		{8DA221DE-4DC6-4CE7-AF70-B2E41C33766E}.Debug|Any CPU.Build.0 = Debug|Any CPU
		{8DA221DE-4DC6-4CE7-AF70-B2E41C33766E}.Release|Any CPU.ActiveCfg = Release|Any CPU
		{8DA221DE-4DC6-4CE7-AF70-B2E41C33766E}.Release|Any CPU.Build.0 = Release|Any CPU
	EndGlobalSection
	GlobalSection(SolutionProperties) = preSolution
		HideSolutionNode = FALSE
	EndGlobalSection
	GlobalSection(ExtensibilityGlobals) = postSolution
		SolutionGuid = {5686E613-6BC7-4833-A413-CD83101082EF}
	EndGlobalSection
EndGlobal
